PODS:
  - Direction (1.3.5):
    - GoogleMaps
  - GoogleMaps (3.6.0):
    - GoogleMaps/Maps (= 3.6.0)
  - GoogleMaps/Base (3.6.0)
  - GoogleMaps/Maps (3.6.0):
    - GoogleMaps/Base
  - GooglePlaces (3.6.0):
    - GoogleMaps/Base (= 3.6.0)

DEPENDENCIES:
  - Direction
  - GoogleMaps
  - GooglePlaces

SPEC REPOS:
  https://github.com/CocoaPods/Specs.git:
    - Direction
    - GoogleMaps
    - GooglePlaces

SPEC CHECKSUMS:
  Direction: 953eaa1405ee7aaf2aae5782344fda9f720a39e8
  GoogleMaps: 82f8fe307193bb4de6ef6bf9e88f1d624b718f9d
  GooglePlaces: 1b9d29cf3e164903d873600f511f42acdfe85294

PODFILE CHECKSUM: 0fbcdd5717ac237959079f68cb40a58a0fea4e63

COCOAPODS: 1.8.4
