// !$*UTF8*$!
{
	archiveVersion = 1;
	classes = {
	};
	objectVersion = 51;
	objects = {

/* Begin PBXBuildFile section */
		316E660CEF847AAF9B3C14B2 /* libPods-Guide_sign_mapping.a in Frameworks */ = {isa = PBXBuildFile; fileRef = 74D1F39209250EEDB64B3575 /* libPods-Guide_sign_mapping.a */; };
		391F8A8E237C02C1008EA052 /* 未使用のコード in Resources */ = {isa = PBXBuildFile; fileRef = 391F8A8D237C02C1008EA052 /* 未使用のコード */; };
		3923C54D238CE3F200D53F4A /* DetailsViewController.swift in Sources */ = {isa = PBXBuildFile; fileRef = 3923C54C238CE3F200D53F4A /* DetailsViewController.swift */; };
		3923C54E238CE3F200D53F4A /* DetailsViewController.swift in Sources */ = {isa = PBXBuildFile; fileRef = 3923C54C238CE3F200D53F4A /* DetailsViewController.swift */; };
		3923C550238CE43800D53F4A /* DirectionsViewController.swift in Sources */ = {isa = PBXBuildFile; fileRef = 3923C54F238CE43800D53F4A /* DirectionsViewController.swift */; };
		3923C551238CE43800D53F4A /* DirectionsViewController.swift in Sources */ = {isa = PBXBuildFile; fileRef = 3923C54F238CE43800D53F4A /* DirectionsViewController.swift */; };
		3923C553238CEBBA00D53F4A /* Podfile in Resources */ = {isa = PBXBuildFile; fileRef = 3923C552238CEBBA00D53F4A /* Podfile */; };
		3923C554238CEBBA00D53F4A /* Podfile in Resources */ = {isa = PBXBuildFile; fileRef = 3923C552238CEBBA00D53F4A /* Podfile */; };
		39DF075D23A7771C002CD040 /* 開発の範囲について in Resources */ = {isa = PBXBuildFile; fileRef = 39DF075C23A7771C002CD040 /* 開発の範囲について */; };
		39DF075F23A7D2B7002CD040 /* SearchAreaViewController.swift in Sources */ = {isa = PBXBuildFile; fileRef = 39DF075E23A7D2B7002CD040 /* SearchAreaViewController.swift */; };
		39DF076023A7D2B7002CD040 /* SearchAreaViewController.swift in Sources */ = {isa = PBXBuildFile; fileRef = 39DF075E23A7D2B7002CD040 /* SearchAreaViewController.swift */; };
		39DF076223A7D891002CD040 /* SelectFacilitiesInAreaViewController.swift in Sources */ = {isa = PBXBuildFile; fileRef = 39DF076123A7D891002CD040 /* SelectFacilitiesInAreaViewController.swift */; };
		39DF076323A7D891002CD040 /* SelectFacilitiesInAreaViewController.swift in Sources */ = {isa = PBXBuildFile; fileRef = 39DF076123A7D891002CD040 /* SelectFacilitiesInAreaViewController.swift */; };
		39DF076523A7D8CD002CD040 /* SelectNearViewController.swift in Sources */ = {isa = PBXBuildFile; fileRef = 39DF076423A7D8CD002CD040 /* SelectNearViewController.swift */; };
		39DF076623A7D8CD002CD040 /* SelectNearViewController.swift in Sources */ = {isa = PBXBuildFile; fileRef = 39DF076423A7D8CD002CD040 /* SelectNearViewController.swift */; };
		39DF076823A7E11E002CD040 /* FacilitiesViewController.swift in Sources */ = {isa = PBXBuildFile; fileRef = 39DF076723A7E11E002CD040 /* FacilitiesViewController.swift */; };
		39DF076923A7E11E002CD040 /* FacilitiesViewController.swift in Sources */ = {isa = PBXBuildFile; fileRef = 39DF076723A7E11E002CD040 /* FacilitiesViewController.swift */; };
		39E935292379E5FE008167E4 /* AppDelegate.swift in Sources */ = {isa = PBXBuildFile; fileRef = 39E935282379E5FE008167E4 /* AppDelegate.swift */; };
		39E9352B2379E5FE008167E4 /* art.scnassets in Resources */ = {isa = PBXBuildFile; fileRef = 39E9352A2379E5FE008167E4 /* art.scnassets */; };
		39E9352D2379E5FE008167E4 /* LandmarkViewController.swift in Sources */ = {isa = PBXBuildFile; fileRef = 39E9352C2379E5FE008167E4 /* LandmarkViewController.swift */; };
		39E935302379E5FE008167E4 /* Main.storyboard in Resources */ = {isa = PBXBuildFile; fileRef = 39E9352E2379E5FE008167E4 /* Main.storyboard */; settings = {ASSET_TAGS = ("First View Controller", ); }; };
		39E935322379E5FF008167E4 /* Assets.xcassets in Resources */ = {isa = PBXBuildFile; fileRef = 39E935312379E5FF008167E4 /* Assets.xcassets */; };
		39E935352379E5FF008167E4 /* LaunchScreen.storyboard in Resources */ = {isa = PBXBuildFile; fileRef = 39E935332379E5FF008167E4 /* LaunchScreen.storyboard */; };
		39E935402379E5FF008167E4 /* Guide_sign_mappingTests.swift in Sources */ = {isa = PBXBuildFile; fileRef = 39E9353F2379E5FF008167E4 /* Guide_sign_mappingTests.swift */; };
		39E9354B2379E600008167E4 /* Guide_sign_mappingUITests.swift in Sources */ = {isa = PBXBuildFile; fileRef = 39E9354A2379E600008167E4 /* Guide_sign_mappingUITests.swift */; };
		39E93566237BE895008167E4 /* LandmarkViewController.swift in Sources */ = {isa = PBXBuildFile; fileRef = 39E9352C2379E5FE008167E4 /* LandmarkViewController.swift */; };
		39E93568237BECE8008167E4 /* Main.storyboard in Resources */ = {isa = PBXBuildFile; fileRef = 39E9352E2379E5FE008167E4 /* Main.storyboard */; settings = {ASSET_TAGS = ("First View Controller", ); }; };
		39E93569237BF42F008167E4 /* AppDelegate.swift in Sources */ = {isa = PBXBuildFile; fileRef = 39E935282379E5FE008167E4 /* AppDelegate.swift */; };
		39E9356B237BF961008167E4 /* SelectLandmarkViewController.swift in Sources */ = {isa = PBXBuildFile; fileRef = 39E9356A237BF961008167E4 /* SelectLandmarkViewController.swift */; };
		39FE26032397EFF900422B82 /* SelectFacilitiesViewController.swift in Sources */ = {isa = PBXBuildFile; fileRef = 39FE26022397EFF900422B82 /* SelectFacilitiesViewController.swift */; };
		39FE26052398AA7200422B82 /* PictgramsViewController.swift in Sources */ = {isa = PBXBuildFile; fileRef = 39FE26042398AA7200422B82 /* PictgramsViewController.swift */; };
/* End PBXBuildFile section */

/* Begin PBXContainerItemProxy section */
		39E9353C2379E5FF008167E4 /* PBXContainerItemProxy */ = {
			isa = PBXContainerItemProxy;
			containerPortal = 39E9351D2379E5FE008167E4 /* Project object */;
			proxyType = 1;
			remoteGlobalIDString = 39E935242379E5FE008167E4;
			remoteInfo = Guide_sign_mapping;
		};
		39E935472379E600008167E4 /* PBXContainerItemProxy */ = {
			isa = PBXContainerItemProxy;
			containerPortal = 39E9351D2379E5FE008167E4 /* Project object */;
			proxyType = 1;
			remoteGlobalIDString = 39E935242379E5FE008167E4;
			remoteInfo = Guide_sign_mapping;
		};
/* End PBXContainerItemProxy section */

/* Begin PBXFileReference section */
		391F8A8D237C02C1008EA052 /* 未使用のコード */ = {isa = PBXFileReference; lastKnownFileType = text; path = "未使用のコード"; sourceTree = "<group>"; };
		3923C54C238CE3F200D53F4A /* DetailsViewController.swift */ = {isa = PBXFileReference; lastKnownFileType = sourcecode.swift; path = DetailsViewController.swift; sourceTree = "<group>"; };
		3923C54F238CE43800D53F4A /* DirectionsViewController.swift */ = {isa = PBXFileReference; lastKnownFileType = sourcecode.swift; path = DirectionsViewController.swift; sourceTree = "<group>"; };
		3923C552238CEBBA00D53F4A /* Podfile */ = {isa = PBXFileReference; explicitFileType = text; path = Podfile; sourceTree = "<group>"; xcLanguageSpecificationIdentifier = xcode.lang.ruby; };
		39DF075C23A7771C002CD040 /* 開発の範囲について */ = {isa = PBXFileReference; lastKnownFileType = text; path = "開発の範囲について"; sourceTree = "<group>"; };
		39DF075E23A7D2B7002CD040 /* SearchAreaViewController.swift */ = {isa = PBXFileReference; lastKnownFileType = sourcecode.swift; path = SearchAreaViewController.swift; sourceTree = "<group>"; };
		39DF076123A7D891002CD040 /* SelectFacilitiesInAreaViewController.swift */ = {isa = PBXFileReference; lastKnownFileType = sourcecode.swift; path = SelectFacilitiesInAreaViewController.swift; sourceTree = "<group>"; };
		39DF076423A7D8CD002CD040 /* SelectNearViewController.swift */ = {isa = PBXFileReference; lastKnownFileType = sourcecode.swift; path = SelectNearViewController.swift; sourceTree = "<group>"; };
		39DF076723A7E11E002CD040 /* FacilitiesViewController.swift */ = {isa = PBXFileReference; lastKnownFileType = sourcecode.swift; path = FacilitiesViewController.swift; sourceTree = "<group>"; };
		39E935252379E5FE008167E4 /* Guide_sign_mapping.app */ = {isa = PBXFileReference; explicitFileType = wrapper.application; includeInIndex = 0; path = Guide_sign_mapping.app; sourceTree = BUILT_PRODUCTS_DIR; };
		39E935282379E5FE008167E4 /* AppDelegate.swift */ = {isa = PBXFileReference; lastKnownFileType = sourcecode.swift; path = AppDelegate.swift; sourceTree = "<group>"; };
		39E9352A2379E5FE008167E4 /* art.scnassets */ = {isa = PBXFileReference; lastKnownFileType = wrapper.scnassets; path = art.scnassets; sourceTree = "<group>"; };
		39E9352C2379E5FE008167E4 /* LandmarkViewController.swift */ = {isa = PBXFileReference; lastKnownFileType = sourcecode.swift; path = LandmarkViewController.swift; sourceTree = "<group>"; };
		39E9352F2379E5FE008167E4 /* Base */ = {isa = PBXFileReference; lastKnownFileType = file.storyboard; name = Base; path = Base.lproj/Main.storyboard; sourceTree = "<group>"; };
		39E935312379E5FF008167E4 /* Assets.xcassets */ = {isa = PBXFileReference; lastKnownFileType = folder.assetcatalog; path = Assets.xcassets; sourceTree = "<group>"; };
		39E935342379E5FF008167E4 /* Base */ = {isa = PBXFileReference; lastKnownFileType = file.storyboard; name = Base; path = Base.lproj/LaunchScreen.storyboard; sourceTree = "<group>"; };
		39E935362379E5FF008167E4 /* Info.plist */ = {isa = PBXFileReference; lastKnownFileType = text.plist.xml; path = Info.plist; sourceTree = "<group>"; };
		39E9353B2379E5FF008167E4 /* Guide_sign_mappingTests.xctest */ = {isa = PBXFileReference; explicitFileType = wrapper.cfbundle; includeInIndex = 0; path = Guide_sign_mappingTests.xctest; sourceTree = BUILT_PRODUCTS_DIR; };
		39E9353F2379E5FF008167E4 /* Guide_sign_mappingTests.swift */ = {isa = PBXFileReference; lastKnownFileType = sourcecode.swift; path = Guide_sign_mappingTests.swift; sourceTree = "<group>"; };
		39E935412379E5FF008167E4 /* Info.plist */ = {isa = PBXFileReference; lastKnownFileType = text.plist.xml; path = Info.plist; sourceTree = "<group>"; };
		39E935462379E600008167E4 /* Guide_sign_mappingUITests.xctest */ = {isa = PBXFileReference; explicitFileType = wrapper.cfbundle; includeInIndex = 0; path = Guide_sign_mappingUITests.xctest; sourceTree = BUILT_PRODUCTS_DIR; };
		39E9354A2379E600008167E4 /* Guide_sign_mappingUITests.swift */ = {isa = PBXFileReference; lastKnownFileType = sourcecode.swift; path = Guide_sign_mappingUITests.swift; sourceTree = "<group>"; };
		39E9354C2379E600008167E4 /* Info.plist */ = {isa = PBXFileReference; lastKnownFileType = text.plist.xml; path = Info.plist; sourceTree = "<group>"; };
		39E9356A237BF961008167E4 /* SelectLandmarkViewController.swift */ = {isa = PBXFileReference; lastKnownFileType = sourcecode.swift; path = SelectLandmarkViewController.swift; sourceTree = "<group>"; };
		39FE26022397EFF900422B82 /* SelectFacilitiesViewController.swift */ = {isa = PBXFileReference; lastKnownFileType = sourcecode.swift; path = SelectFacilitiesViewController.swift; sourceTree = "<group>"; };
		39FE26042398AA7200422B82 /* PictgramsViewController.swift */ = {isa = PBXFileReference; lastKnownFileType = sourcecode.swift; path = PictgramsViewController.swift; sourceTree = "<group>"; };
		74D1F39209250EEDB64B3575 /* libPods-Guide_sign_mapping.a */ = {isa = PBXFileReference; explicitFileType = archive.ar; includeInIndex = 0; path = "libPods-Guide_sign_mapping.a"; sourceTree = BUILT_PRODUCTS_DIR; };
		CF065F65FE79600A7BCD64D9 /* Pods-Guide_sign_mapping.debug.xcconfig */ = {isa = PBXFileReference; includeInIndex = 1; lastKnownFileType = text.xcconfig; name = "Pods-Guide_sign_mapping.debug.xcconfig"; path = "Target Support Files/Pods-Guide_sign_mapping/Pods-Guide_sign_mapping.debug.xcconfig"; sourceTree = "<group>"; };
		E0811BB574423BD5834067BF /* Pods-Guide_sign_mapping.release.xcconfig */ = {isa = PBXFileReference; includeInIndex = 1; lastKnownFileType = text.xcconfig; name = "Pods-Guide_sign_mapping.release.xcconfig"; path = "Target Support Files/Pods-Guide_sign_mapping/Pods-Guide_sign_mapping.release.xcconfig"; sourceTree = "<group>"; };
/* End PBXFileReference section */

/* Begin PBXFrameworksBuildPhase section */
		39E935222379E5FE008167E4 /* Frameworks */ = {
			isa = PBXFrameworksBuildPhase;
			buildActionMask = 2147483647;
			files = (
				316E660CEF847AAF9B3C14B2 /* libPods-Guide_sign_mapping.a in Frameworks */,
			);
			runOnlyForDeploymentPostprocessing = 0;
		};
		39E935382379E5FF008167E4 /* Frameworks */ = {
			isa = PBXFrameworksBuildPhase;
			buildActionMask = 2147483647;
			files = (
			);
			runOnlyForDeploymentPostprocessing = 0;
		};
		39E935432379E600008167E4 /* Frameworks */ = {
			isa = PBXFrameworksBuildPhase;
			buildActionMask = 2147483647;
			files = (
			);
			runOnlyForDeploymentPostprocessing = 0;
		};
/* End PBXFrameworksBuildPhase section */

/* Begin PBXGroup section */
		0A09BEC592DF0FCA112338AE /* Frameworks */ = {
			isa = PBXGroup;
			children = (
				74D1F39209250EEDB64B3575 /* libPods-Guide_sign_mapping.a */,
			);
			name = Frameworks;
			sourceTree = "<group>";
		};
		39E9351C2379E5FE008167E4 = {
			isa = PBXGroup;
			children = (
				3923C552238CEBBA00D53F4A /* Podfile */,
				39E935272379E5FE008167E4 /* Guide_sign_mapping */,
				39E9353E2379E5FF008167E4 /* Guide_sign_mappingTests */,
				39E935492379E600008167E4 /* Guide_sign_mappingUITests */,
				39E935262379E5FE008167E4 /* Products */,
				3D4498E80B16AE9E856FA606 /* Pods */,
				0A09BEC592DF0FCA112338AE /* Frameworks */,
			);
			sourceTree = "<group>";
		};
		39E935262379E5FE008167E4 /* Products */ = {
			isa = PBXGroup;
			children = (
				39E935252379E5FE008167E4 /* Guide_sign_mapping.app */,
				39E9353B2379E5FF008167E4 /* Guide_sign_mappingTests.xctest */,
				39E935462379E600008167E4 /* Guide_sign_mappingUITests.xctest */,
			);
			name = Products;
			sourceTree = "<group>";
		};
		39E935272379E5FE008167E4 /* Guide_sign_mapping */ = {
			isa = PBXGroup;
			children = (
				39E935282379E5FE008167E4 /* AppDelegate.swift */,
				39E9352A2379E5FE008167E4 /* art.scnassets */,
				39E9356C237BFCB6008167E4 /* SelectFacilitiesViewControllers */,
				39E9356E237BFCF4008167E4 /* MappingFacilitiesViewControllers */,
				3923C54C238CE3F200D53F4A /* DetailsViewController.swift */,
				3923C54F238CE43800D53F4A /* DirectionsViewController.swift */,
				39E9352E2379E5FE008167E4 /* Main.storyboard */,
				39E935312379E5FF008167E4 /* Assets.xcassets */,
				39E935332379E5FF008167E4 /* LaunchScreen.storyboard */,
				39E935362379E5FF008167E4 /* Info.plist */,
				391F8A8D237C02C1008EA052 /* 未使用のコード */,
				39DF075C23A7771C002CD040 /* 開発の範囲について */,
			);
			path = Guide_sign_mapping;
			sourceTree = "<group>";
		};
		39E9353E2379E5FF008167E4 /* Guide_sign_mappingTests */ = {
			isa = PBXGroup;
			children = (
				39E9353F2379E5FF008167E4 /* Guide_sign_mappingTests.swift */,
				39E935412379E5FF008167E4 /* Info.plist */,
			);
			path = Guide_sign_mappingTests;
			sourceTree = "<group>";
		};
		39E935492379E600008167E4 /* Guide_sign_mappingUITests */ = {
			isa = PBXGroup;
			children = (
				39E9354A2379E600008167E4 /* Guide_sign_mappingUITests.swift */,
				39E9354C2379E600008167E4 /* Info.plist */,
			);
			path = Guide_sign_mappingUITests;
			sourceTree = "<group>";
		};
		39E9356C237BFCB6008167E4 /* SelectFacilitiesViewControllers */ = {
			isa = PBXGroup;
			children = (
				39FE26022397EFF900422B82 /* SelectFacilitiesViewController.swift */,
				39E9356A237BF961008167E4 /* SelectLandmarkViewController.swift */,
				39DF075E23A7D2B7002CD040 /* SearchAreaViewController.swift */,
				39DF076123A7D891002CD040 /* SelectFacilitiesInAreaViewController.swift */,
				39DF076423A7D8CD002CD040 /* SelectNearViewController.swift */,
			);
			path = SelectFacilitiesViewControllers;
			sourceTree = "<group>";
		};
		39E9356E237BFCF4008167E4 /* MappingFacilitiesViewControllers */ = {
			isa = PBXGroup;
			children = (
				39E9352C2379E5FE008167E4 /* LandmarkViewController.swift */,
				39FE26042398AA7200422B82 /* PictgramsViewController.swift */,
				39DF076723A7E11E002CD040 /* FacilitiesViewController.swift */,
			);
			path = MappingFacilitiesViewControllers;
			sourceTree = "<group>";
		};
		3D4498E80B16AE9E856FA606 /* Pods */ = {
			isa = PBXGroup;
			children = (
				CF065F65FE79600A7BCD64D9 /* Pods-Guide_sign_mapping.debug.xcconfig */,
				E0811BB574423BD5834067BF /* Pods-Guide_sign_mapping.release.xcconfig */,
			);
			path = Pods;
			sourceTree = "<group>";
		};
/* End PBXGroup section */

/* Begin PBXNativeTarget section */
		39E935242379E5FE008167E4 /* Guide_sign_mapping */ = {
			isa = PBXNativeTarget;
			buildConfigurationList = 39E9354F2379E600008167E4 /* Build configuration list for PBXNativeTarget "Guide_sign_mapping" */;
			buildPhases = (
				4516935CF056D8AA7E6E3B18 /* [CP] Check Pods Manifest.lock */,
				39E935212379E5FE008167E4 /* Sources */,
				39E935222379E5FE008167E4 /* Frameworks */,
				39E935232379E5FE008167E4 /* Resources */,
				954C89EBC0C561304B7C6C83 /* [CP] Copy Pods Resources */,
			);
			buildRules = (
			);
			dependencies = (
			);
			name = Guide_sign_mapping;
			productName = Guide_sign_mapping;
			productReference = 39E935252379E5FE008167E4 /* Guide_sign_mapping.app */;
			productType = "com.apple.product-type.application";
		};
		39E9353A2379E5FF008167E4 /* Guide_sign_mappingTests */ = {
			isa = PBXNativeTarget;
			buildConfigurationList = 39E935522379E600008167E4 /* Build configuration list for PBXNativeTarget "Guide_sign_mappingTests" */;
			buildPhases = (
				39E935372379E5FF008167E4 /* Sources */,
				39E935382379E5FF008167E4 /* Frameworks */,
				39E935392379E5FF008167E4 /* Resources */,
			);
			buildRules = (
			);
			dependencies = (
				39E9353D2379E5FF008167E4 /* PBXTargetDependency */,
			);
			name = Guide_sign_mappingTests;
			productName = Guide_sign_mappingTests;
			productReference = 39E9353B2379E5FF008167E4 /* Guide_sign_mappingTests.xctest */;
			productType = "com.apple.product-type.bundle.unit-test";
		};
		39E935452379E600008167E4 /* Guide_sign_mappingUITests */ = {
			isa = PBXNativeTarget;
			buildConfigurationList = 39E935552379E600008167E4 /* Build configuration list for PBXNativeTarget "Guide_sign_mappingUITests" */;
			buildPhases = (
				39E935422379E600008167E4 /* Sources */,
				39E935432379E600008167E4 /* Frameworks */,
				39E935442379E600008167E4 /* Resources */,
			);
			buildRules = (
			);
			dependencies = (
				39E935482379E600008167E4 /* PBXTargetDependency */,
			);
			name = Guide_sign_mappingUITests;
			productName = Guide_sign_mappingUITests;
			productReference = 39E935462379E600008167E4 /* Guide_sign_mappingUITests.xctest */;
			productType = "com.apple.product-type.bundle.ui-testing";
		};
/* End PBXNativeTarget section */

/* Begin PBXProject section */
		39E9351D2379E5FE008167E4 /* Project object */ = {
			isa = PBXProject;
			attributes = {
				KnownAssetTags = (
					"First View Controller",
				);
				LastSwiftUpdateCheck = 1120;
				LastUpgradeCheck = 1120;
				ORGANIZATIONNAME = yuya;
				TargetAttributes = {
					39E935242379E5FE008167E4 = {
						CreatedOnToolsVersion = 11.2;
					};
					39E9353A2379E5FF008167E4 = {
						CreatedOnToolsVersion = 11.2;
						TestTargetID = 39E935242379E5FE008167E4;
					};
					39E935452379E600008167E4 = {
						CreatedOnToolsVersion = 11.2;
						TestTargetID = 39E935242379E5FE008167E4;
					};
				};
			};
			buildConfigurationList = 39E935202379E5FE008167E4 /* Build configuration list for PBXProject "Guide_sign_mapping" */;
			compatibilityVersion = "Xcode 9.3";
			developmentRegion = en;
			hasScannedForEncodings = 0;
			knownRegions = (
				en,
				Base,
			);
			mainGroup = 39E9351C2379E5FE008167E4;
			productRefGroup = 39E935262379E5FE008167E4 /* Products */;
			projectDirPath = "";
			projectRoot = "";
			targets = (
				39E935242379E5FE008167E4 /* Guide_sign_mapping */,
				39E9353A2379E5FF008167E4 /* Guide_sign_mappingTests */,
				39E935452379E600008167E4 /* Guide_sign_mappingUITests */,
			);
		};
/* End PBXProject section */

/* Begin PBXResourcesBuildPhase section */
		39E935232379E5FE008167E4 /* Resources */ = {
			isa = PBXResourcesBuildPhase;
			buildActionMask = 2147483647;
			files = (
				39E9352B2379E5FE008167E4 /* art.scnassets in Resources */,
				39E935352379E5FF008167E4 /* LaunchScreen.storyboard in Resources */,
				39E935322379E5FF008167E4 /* Assets.xcassets in Resources */,
				39DF075D23A7771C002CD040 /* 開発の範囲について in Resources */,
				391F8A8E237C02C1008EA052 /* 未使用のコード in Resources */,
				39E935302379E5FE008167E4 /* Main.storyboard in Resources */,
				3923C553238CEBBA00D53F4A /* Podfile in Resources */,
			);
			runOnlyForDeploymentPostprocessing = 0;
		};
		39E935392379E5FF008167E4 /* Resources */ = {
			isa = PBXResourcesBuildPhase;
			buildActionMask = 2147483647;
			files = (
				39E93568237BECE8008167E4 /* Main.storyboard in Resources */,
				3923C554238CEBBA00D53F4A /* Podfile in Resources */,
			);
			runOnlyForDeploymentPostprocessing = 0;
		};
		39E935442379E600008167E4 /* Resources */ = {
			isa = PBXResourcesBuildPhase;
			buildActionMask = 2147483647;
			files = (
			);
			runOnlyForDeploymentPostprocessing = 0;
		};
/* End PBXResourcesBuildPhase section */

/* Begin PBXShellScriptBuildPhase section */
		4516935CF056D8AA7E6E3B18 /* [CP] Check Pods Manifest.lock */ = {
			isa = PBXShellScriptBuildPhase;
			buildActionMask = 2147483647;
			files = (
			);
			inputFileListPaths = (
			);
			inputPaths = (
				"${PODS_PODFILE_DIR_PATH}/Podfile.lock",
				"${PODS_ROOT}/Manifest.lock",
			);
			name = "[CP] Check Pods Manifest.lock";
			outputFileListPaths = (
			);
			outputPaths = (
				"$(DERIVED_FILE_DIR)/Pods-Guide_sign_mapping-checkManifestLockResult.txt",
			);
			runOnlyForDeploymentPostprocessing = 0;
			shellPath = /bin/sh;
			shellScript = "diff \"${PODS_PODFILE_DIR_PATH}/Podfile.lock\" \"${PODS_ROOT}/Manifest.lock\" > /dev/null\nif [ $? != 0 ] ; then\n    # print error to STDERR\n    echo \"error: The sandbox is not in sync with the Podfile.lock. Run 'pod install' or update your CocoaPods installation.\" >&2\n    exit 1\nfi\n# This output is used by Xcode 'outputs' to avoid re-running this script phase.\necho \"SUCCESS\" > \"${SCRIPT_OUTPUT_FILE_0}\"\n";
			showEnvVarsInLog = 0;
		};
		954C89EBC0C561304B7C6C83 /* [CP] Copy Pods Resources */ = {
			isa = PBXShellScriptBuildPhase;
			buildActionMask = 2147483647;
			files = (
			);
			inputFileListPaths = (
				"${PODS_ROOT}/Target Support Files/Pods-Guide_sign_mapping/Pods-Guide_sign_mapping-resources-${CONFIGURATION}-input-files.xcfilelist",
			);
			name = "[CP] Copy Pods Resources";
			outputFileListPaths = (
				"${PODS_ROOT}/Target Support Files/Pods-Guide_sign_mapping/Pods-Guide_sign_mapping-resources-${CONFIGURATION}-output-files.xcfilelist",
			);
			runOnlyForDeploymentPostprocessing = 0;
			shellPath = /bin/sh;
			shellScript = "\"${PODS_ROOT}/Target Support Files/Pods-Guide_sign_mapping/Pods-Guide_sign_mapping-resources.sh\"\n";
			showEnvVarsInLog = 0;
		};
/* End PBXShellScriptBuildPhase section */

/* Begin PBXSourcesBuildPhase section */
		39E935212379E5FE008167E4 /* Sources */ = {
			isa = PBXSourcesBuildPhase;
			buildActionMask = 2147483647;
			files = (
				39E9352D2379E5FE008167E4 /* LandmarkViewController.swift in Sources */,
				39FE26052398AA7200422B82 /* PictgramsViewController.swift in Sources */,
				39E935292379E5FE008167E4 /* AppDelegate.swift in Sources */,
				39E9356B237BF961008167E4 /* SelectLandmarkViewController.swift in Sources */,
				39DF076523A7D8CD002CD040 /* SelectNearViewController.swift in Sources */,
				3923C54D238CE3F200D53F4A /* DetailsViewController.swift in Sources */,
				3923C550238CE43800D53F4A /* DirectionsViewController.swift in Sources */,
				39DF076823A7E11E002CD040 /* FacilitiesViewController.swift in Sources */,
				39FE26032397EFF900422B82 /* SelectFacilitiesViewController.swift in Sources */,
				39DF075F23A7D2B7002CD040 /* SearchAreaViewController.swift in Sources */,
				39DF076223A7D891002CD040 /* SelectFacilitiesInAreaViewController.swift in Sources */,
			);
			runOnlyForDeploymentPostprocessing = 0;
		};
		39E935372379E5FF008167E4 /* Sources */ = {
			isa = PBXSourcesBuildPhase;
			buildActionMask = 2147483647;
			files = (
				39E93569237BF42F008167E4 /* AppDelegate.swift in Sources */,
				3923C54E238CE3F200D53F4A /* DetailsViewController.swift in Sources */,
				39DF076323A7D891002CD040 /* SelectFacilitiesInAreaViewController.swift in Sources */,
				39DF076923A7E11E002CD040 /* FacilitiesViewController.swift in Sources */,
				3923C551238CE43800D53F4A /* DirectionsViewController.swift in Sources */,
				39E93566237BE895008167E4 /* LandmarkViewController.swift in Sources */,
				39E935402379E5FF008167E4 /* Guide_sign_mappingTests.swift in Sources */,
				39DF076623A7D8CD002CD040 /* SelectNearViewController.swift in Sources */,
				39DF076023A7D2B7002CD040 /* SearchAreaViewController.swift in Sources */,
			);
			runOnlyForDeploymentPostprocessing = 0;
		};
		39E935422379E600008167E4 /* Sources */ = {
			isa = PBXSourcesBuildPhase;
			buildActionMask = 2147483647;
			files = (
				39E9354B2379E600008167E4 /* Guide_sign_mappingUITests.swift in Sources */,
			);
			runOnlyForDeploymentPostprocessing = 0;
		};
/* End PBXSourcesBuildPhase section */

/* Begin PBXTargetDependency section */
		39E9353D2379E5FF008167E4 /* PBXTargetDependency */ = {
			isa = PBXTargetDependency;
			target = 39E935242379E5FE008167E4 /* Guide_sign_mapping */;
			targetProxy = 39E9353C2379E5FF008167E4 /* PBXContainerItemProxy */;
		};
		39E935482379E600008167E4 /* PBXTargetDependency */ = {
			isa = PBXTargetDependency;
			target = 39E935242379E5FE008167E4 /* Guide_sign_mapping */;
			targetProxy = 39E935472379E600008167E4 /* PBXContainerItemProxy */;
		};
/* End PBXTargetDependency section */

/* Begin PBXVariantGroup section */
		39E9352E2379E5FE008167E4 /* Main.storyboard */ = {
			isa = PBXVariantGroup;
			children = (
				39E9352F2379E5FE008167E4 /* Base */,
			);
			name = Main.storyboard;
			sourceTree = "<group>";
		};
		39E935332379E5FF008167E4 /* LaunchScreen.storyboard */ = {
			isa = PBXVariantGroup;
			children = (
				39E935342379E5FF008167E4 /* Base */,
			);
			name = LaunchScreen.storyboard;
			sourceTree = "<group>";
		};
/* End PBXVariantGroup section */

/* Begin XCBuildConfiguration section */
		39E9354D2379E600008167E4 /* Debug */ = {
			isa = XCBuildConfiguration;
			buildSettings = {
				ALWAYS_SEARCH_USER_PATHS = NO;
				CLANG_ANALYZER_NONNULL = YES;
				CLANG_ANALYZER_NUMBER_OBJECT_CONVERSION = YES_AGGRESSIVE;
				CLANG_CXX_LANGUAGE_STANDARD = "gnu++14";
				CLANG_CXX_LIBRARY = "libc++";
				CLANG_ENABLE_MODULES = YES;
				CLANG_ENABLE_OBJC_ARC = YES;
				CLANG_ENABLE_OBJC_WEAK = YES;
				CLANG_WARN_BLOCK_CAPTURE_AUTORELEASING = YES;
				CLANG_WARN_BOOL_CONVERSION = YES;
				CLANG_WARN_COMMA = YES;
				CLANG_WARN_CONSTANT_CONVERSION = YES;
				CLANG_WARN_DEPRECATED_OBJC_IMPLEMENTATIONS = YES;
				CLANG_WARN_DIRECT_OBJC_ISA_USAGE = YES_ERROR;
				CLANG_WARN_DOCUMENTATION_COMMENTS = YES;
				CLANG_WARN_EMPTY_BODY = YES;
				CLANG_WARN_ENUM_CONVERSION = YES;
				CLANG_WARN_INFINITE_RECURSION = YES;
				CLANG_WARN_INT_CONVERSION = YES;
				CLANG_WARN_NON_LITERAL_NULL_CONVERSION = YES;
				CLANG_WARN_OBJC_IMPLICIT_RETAIN_SELF = YES;
				CLANG_WARN_OBJC_LITERAL_CONVERSION = YES;
				CLANG_WARN_OBJC_ROOT_CLASS = YES_ERROR;
				CLANG_WARN_RANGE_LOOP_ANALYSIS = YES;
				CLANG_WARN_STRICT_PROTOTYPES = YES;
				CLANG_WARN_SUSPICIOUS_MOVE = YES;
				CLANG_WARN_UNGUARDED_AVAILABILITY = YES_AGGRESSIVE;
				CLANG_WARN_UNREACHABLE_CODE = YES;
				CLANG_WARN__DUPLICATE_METHOD_MATCH = YES;
				COPY_PHASE_STRIP = NO;
				DEBUG_INFORMATION_FORMAT = dwarf;
				ENABLE_STRICT_OBJC_MSGSEND = YES;
				ENABLE_TESTABILITY = YES;
				GCC_C_LANGUAGE_STANDARD = gnu11;
				GCC_DYNAMIC_NO_PIC = NO;
				GCC_NO_COMMON_BLOCKS = YES;
				GCC_OPTIMIZATION_LEVEL = 0;
				GCC_PREPROCESSOR_DEFINITIONS = (
					"DEBUG=1",
					"$(inherited)",
				);
				GCC_WARN_64_TO_32_BIT_CONVERSION = YES;
				GCC_WARN_ABOUT_RETURN_TYPE = YES_ERROR;
				GCC_WARN_UNDECLARED_SELECTOR = YES;
				GCC_WARN_UNINITIALIZED_AUTOS = YES_AGGRESSIVE;
				GCC_WARN_UNUSED_FUNCTION = YES;
				GCC_WARN_UNUSED_VARIABLE = YES;
				IPHONEOS_DEPLOYMENT_TARGET = 13.2;
				MTL_ENABLE_DEBUG_INFO = INCLUDE_SOURCE;
				MTL_FAST_MATH = YES;
				ONLY_ACTIVE_ARCH = YES;
				SDKROOT = iphoneos;
				SWIFT_ACTIVE_COMPILATION_CONDITIONS = DEBUG;
				SWIFT_OPTIMIZATION_LEVEL = "-Onone";
			};
			name = Debug;
		};
		39E9354E2379E600008167E4 /* Release */ = {
			isa = XCBuildConfiguration;
			buildSettings = {
				ALWAYS_SEARCH_USER_PATHS = NO;
				CLANG_ANALYZER_NONNULL = YES;
				CLANG_ANALYZER_NUMBER_OBJECT_CONVERSION = YES_AGGRESSIVE;
				CLANG_CXX_LANGUAGE_STANDARD = "gnu++14";
				CLANG_CXX_LIBRARY = "libc++";
				CLANG_ENABLE_MODULES = YES;
				CLANG_ENABLE_OBJC_ARC = YES;
				CLANG_ENABLE_OBJC_WEAK = YES;
				CLANG_WARN_BLOCK_CAPTURE_AUTORELEASING = YES;
				CLANG_WARN_BOOL_CONVERSION = YES;
				CLANG_WARN_COMMA = YES;
				CLANG_WARN_CONSTANT_CONVERSION = YES;
				CLANG_WARN_DEPRECATED_OBJC_IMPLEMENTATIONS = YES;
				CLANG_WARN_DIRECT_OBJC_ISA_USAGE = YES_ERROR;
				CLANG_WARN_DOCUMENTATION_COMMENTS = YES;
				CLANG_WARN_EMPTY_BODY = YES;
				CLANG_WARN_ENUM_CONVERSION = YES;
				CLANG_WARN_INFINITE_RECURSION = YES;
				CLANG_WARN_INT_CONVERSION = YES;
				CLANG_WARN_NON_LITERAL_NULL_CONVERSION = YES;
				CLANG_WARN_OBJC_IMPLICIT_RETAIN_SELF = YES;
				CLANG_WARN_OBJC_LITERAL_CONVERSION = YES;
				CLANG_WARN_OBJC_ROOT_CLASS = YES_ERROR;
				CLANG_WARN_RANGE_LOOP_ANALYSIS = YES;
				CLANG_WARN_STRICT_PROTOTYPES = YES;
				CLANG_WARN_SUSPICIOUS_MOVE = YES;
				CLANG_WARN_UNGUARDED_AVAILABILITY = YES_AGGRESSIVE;
				CLANG_WARN_UNREACHABLE_CODE = YES;
				CLANG_WARN__DUPLICATE_METHOD_MATCH = YES;
				COPY_PHASE_STRIP = NO;
				DEBUG_INFORMATION_FORMAT = "dwarf-with-dsym";
				ENABLE_NS_ASSERTIONS = NO;
				ENABLE_STRICT_OBJC_MSGSEND = YES;
				GCC_C_LANGUAGE_STANDARD = gnu11;
				GCC_NO_COMMON_BLOCKS = YES;
				GCC_WARN_64_TO_32_BIT_CONVERSION = YES;
				GCC_WARN_ABOUT_RETURN_TYPE = YES_ERROR;
				GCC_WARN_UNDECLARED_SELECTOR = YES;
				GCC_WARN_UNINITIALIZED_AUTOS = YES_AGGRESSIVE;
				GCC_WARN_UNUSED_FUNCTION = YES;
				GCC_WARN_UNUSED_VARIABLE = YES;
				IPHONEOS_DEPLOYMENT_TARGET = 13.2;
				MTL_ENABLE_DEBUG_INFO = NO;
				MTL_FAST_MATH = YES;
				SDKROOT = iphoneos;
				SWIFT_COMPILATION_MODE = wholemodule;
				SWIFT_OPTIMIZATION_LEVEL = "-O";
				VALIDATE_PRODUCT = YES;
			};
			name = Release;
		};
		39E935502379E600008167E4 /* Debug */ = {
			isa = XCBuildConfiguration;
			baseConfigurationReference = CF065F65FE79600A7BCD64D9 /* Pods-Guide_sign_mapping.debug.xcconfig */;
			buildSettings = {
				ASSETCATALOG_COMPILER_APPICON_NAME = AppIcon;
				CODE_SIGN_STYLE = Automatic;
				DEVELOPMENT_TEAM = P87G8S7Q9N;
				INFOPLIST_FILE = Guide_sign_mapping/Info.plist;
				IPHONEOS_DEPLOYMENT_TARGET = 13.2;
				LD_RUNPATH_SEARCH_PATHS = (
					"$(inherited)",
					"@executable_path/Frameworks",
				);
				PRODUCT_BUNDLE_IDENTIFIER = "tabineko.Guide-sign-mapping";
				PRODUCT_NAME = "$(TARGET_NAME)";
				SWIFT_VERSION = 5.0;
				TARGETED_DEVICE_FAMILY = "1,2";
			};
			name = Debug;
		};
		39E935512379E600008167E4 /* Release */ = {
			isa = XCBuildConfiguration;
			baseConfigurationReference = E0811BB574423BD5834067BF /* Pods-Guide_sign_mapping.release.xcconfig */;
			buildSettings = {
				ASSETCATALOG_COMPILER_APPICON_NAME = AppIcon;
				CODE_SIGN_STYLE = Automatic;
				DEVELOPMENT_TEAM = P87G8S7Q9N;
				INFOPLIST_FILE = Guide_sign_mapping/Info.plist;
				IPHONEOS_DEPLOYMENT_TARGET = 13.2;
				LD_RUNPATH_SEARCH_PATHS = (
					"$(inherited)",
					"@executable_path/Frameworks",
				);
				PRODUCT_BUNDLE_IDENTIFIER = "tabineko.Guide-sign-mapping";
				PRODUCT_NAME = "$(TARGET_NAME)";
				SWIFT_VERSION = 5.0;
				TARGETED_DEVICE_FAMILY = "1,2";
			};
			name = Release;
		};
		39E935532379E600008167E4 /* Debug */ = {
			isa = XCBuildConfiguration;
			buildSettings = {
				ALWAYS_EMBED_SWIFT_STANDARD_LIBRARIES = YES;
				BUNDLE_LOADER = "$(TEST_HOST)";
				CODE_SIGN_STYLE = Automatic;
				DEVELOPMENT_TEAM = P87G8S7Q9N;
				INFOPLIST_FILE = Guide_sign_mappingTests/Info.plist;
				IPHONEOS_DEPLOYMENT_TARGET = 13.2;
				LD_RUNPATH_SEARCH_PATHS = (
					"$(inherited)",
					"@executable_path/Frameworks",
					"@loader_path/Frameworks",
				);
				PRODUCT_BUNDLE_IDENTIFIER = "tabineko.Guide-sign-mappingTests";
				PRODUCT_NAME = "$(TARGET_NAME)";
				SWIFT_VERSION = 5.0;
				TARGETED_DEVICE_FAMILY = "1,2";
				TEST_HOST = "$(BUILT_PRODUCTS_DIR)/Guide_sign_mapping.app/Guide_sign_mapping";
			};
			name = Debug;
		};
		39E935542379E600008167E4 /* Release */ = {
			isa = XCBuildConfiguration;
			buildSettings = {
				ALWAYS_EMBED_SWIFT_STANDARD_LIBRARIES = YES;
				BUNDLE_LOADER = "$(TEST_HOST)";
				CODE_SIGN_STYLE = Automatic;
				DEVELOPMENT_TEAM = P87G8S7Q9N;
				INFOPLIST_FILE = Guide_sign_mappingTests/Info.plist;
				IPHONEOS_DEPLOYMENT_TARGET = 13.2;
				LD_RUNPATH_SEARCH_PATHS = (
					"$(inherited)",
					"@executable_path/Frameworks",
					"@loader_path/Frameworks",
				);
				PRODUCT_BUNDLE_IDENTIFIER = "tabineko.Guide-sign-mappingTests";
				PRODUCT_NAME = "$(TARGET_NAME)";
				SWIFT_VERSION = 5.0;
				TARGETED_DEVICE_FAMILY = "1,2";
				TEST_HOST = "$(BUILT_PRODUCTS_DIR)/Guide_sign_mapping.app/Guide_sign_mapping";
			};
			name = Release;
		};
		39E935562379E600008167E4 /* Debug */ = {
			isa = XCBuildConfiguration;
			buildSettings = {
				ALWAYS_EMBED_SWIFT_STANDARD_LIBRARIES = YES;
				CODE_SIGN_STYLE = Automatic;
				DEVELOPMENT_TEAM = P87G8S7Q9N;
				INFOPLIST_FILE = Guide_sign_mappingUITests/Info.plist;
				LD_RUNPATH_SEARCH_PATHS = (
					"$(inherited)",
					"@executable_path/Frameworks",
					"@loader_path/Frameworks",
				);
				PRODUCT_BUNDLE_IDENTIFIER = "tabineko.Guide-sign-mappingUITests";
				PRODUCT_NAME = "$(TARGET_NAME)";
				SWIFT_VERSION = 5.0;
				TARGETED_DEVICE_FAMILY = "1,2";
				TEST_TARGET_NAME = Guide_sign_mapping;
			};
			name = Debug;
		};
		39E935572379E600008167E4 /* Release */ = {
			isa = XCBuildConfiguration;
			buildSettings = {
				ALWAYS_EMBED_SWIFT_STANDARD_LIBRARIES = YES;
				CODE_SIGN_STYLE = Automatic;
				DEVELOPMENT_TEAM = P87G8S7Q9N;
				INFOPLIST_FILE = Guide_sign_mappingUITests/Info.plist;
				LD_RUNPATH_SEARCH_PATHS = (
					"$(inherited)",
					"@executable_path/Frameworks",
					"@loader_path/Frameworks",
				);
				PRODUCT_BUNDLE_IDENTIFIER = "tabineko.Guide-sign-mappingUITests";
				PRODUCT_NAME = "$(TARGET_NAME)";
				SWIFT_VERSION = 5.0;
				TARGETED_DEVICE_FAMILY = "1,2";
				TEST_TARGET_NAME = Guide_sign_mapping;
			};
			name = Release;
		};
/* End XCBuildConfiguration section */

/* Begin XCConfigurationList section */
		39E935202379E5FE008167E4 /* Build configuration list for PBXProject "Guide_sign_mapping" */ = {
			isa = XCConfigurationList;
			buildConfigurations = (
				39E9354D2379E600008167E4 /* Debug */,
				39E9354E2379E600008167E4 /* Release */,
			);
			defaultConfigurationIsVisible = 0;
			defaultConfigurationName = Release;
		};
		39E9354F2379E600008167E4 /* Build configuration list for PBXNativeTarget "Guide_sign_mapping" */ = {
			isa = XCConfigurationList;
			buildConfigurations = (
				39E935502379E600008167E4 /* Debug */,
				39E935512379E600008167E4 /* Release */,
			);
			defaultConfigurationIsVisible = 0;
			defaultConfigurationName = Release;
		};
		39E935522379E600008167E4 /* Build configuration list for PBXNativeTarget "Guide_sign_mappingTests" */ = {
			isa = XCConfigurationList;
			buildConfigurations = (
				39E935532379E600008167E4 /* Debug */,
				39E935542379E600008167E4 /* Release */,
			);
			defaultConfigurationIsVisible = 0;
			defaultConfigurationName = Release;
		};
		39E935552379E600008167E4 /* Build configuration list for PBXNativeTarget "Guide_sign_mappingUITests" */ = {
			isa = XCConfigurationList;
			buildConfigurations = (
				39E935562379E600008167E4 /* Debug */,
				39E935572379E600008167E4 /* Release */,
			);
			defaultConfigurationIsVisible = 0;
			defaultConfigurationName = Release;
		};
/* End XCConfigurationList section */
	};
	rootObject = 39E9351D2379E5FE008167E4 /* Project object */;
}
